# THIS IS AN AUTOGENERATED FILE. DO NOT EDIT THIS FILE DIRECTLY.
# yarn lockfile v1


pixi@^0.3.1:
  version "0.3.1"
  resolved "https://registry.yarnpkg.com/pixi/-/pixi-0.3.1.tgz#858cd6164a32a1e4b41192cdf5c6d98209300ba8"
  integrity sha1-hYzWFkoyoeS0EZLN9cbZggkwC6g=

typescript@^3.3.3333:
  version "3.3.3333"
  resolved "https://registry.yarnpkg.com/typescript/-/typescript-3.3.3333.tgz#171b2c5af66c59e9431199117a3bcadc66fdcfd6"
  integrity sha512-JjSKsAfuHBE/fB2oZ8NxtRTk5iGcg6hkYXMnZ3Wc+b2RSqejEqTaem11mHASMnFilHrax3sLK0GDzcJrekZYLw==
